
Microsoft Visual Studio Solution File, Format Version 12.00
# Visual Studio Version 17
VisualStudioVersion = 17.0.31903.59
MinimumVisualStudioVersion = 10.0.40219.1
Project("{2150E333-8FDC-42A3-9474-1A3956D46DE8}") = "Src", "Src", "{827E0CD3-B72D-47B6-A68D-7590B98EB39B}"
EndProject
Project("{FAE04EC0-301F-11D3-BF4B-00C04F79EFBC}") = "STB.Host", "Src\STB.Host\STB.Host.csproj", "{7508AE43-4A9C-4C53-8DF4-A1FDBC0CE8DB}"
EndProject
Project("{FAE04EC0-301F-11D3-BF4B-00C04F79EFBC}") = "STB.Core", "Src\STB.Core\STB.Core.csproj", "{9985AE97-64F8-4B29-9924-67DC58D706FB}"
EndProject
Project("{FAE04EC0-301F-11D3-BF4B-00C04F79EFBC}") = "STB.Interop", "Src\STB.Interop\STB.Interop.csproj", "{C4561055-95AA-4139-A5C2-EAE67D66C790}"
EndProject
Global
	GlobalSection(SolutionConfigurationPlatforms) = preSolution
		Debug|Any CPU = Debug|Any CPU
		Debug|x64 = Debug|x64
		Debug|x86 = Debug|x86
		Release|Any CPU = Release|Any CPU
		Release|x64 = Release|x64
		Release|x86 = Release|x86
	EndGlobalSection
	GlobalSection(ProjectConfigurationPlatforms) = postSolution
		{7508AE43-4A9C-4C53-8DF4-A1FDBC0CE8DB}.Debug|Any CPU.ActiveCfg = Debug|Any CPU
		{7508AE43-4A9C-4C53-8DF4-A1FDBC0CE8DB}.Debug|Any CPU.Build.0 = Debug|Any CPU
		{7508AE43-4A9C-4C53-8DF4-A1FDBC0CE8DB}.Debug|x64.ActiveCfg = Debug|Any CPU
		{7508AE43-4A9C-4C53-8DF4-A1FDBC0CE8DB}.Debug|x64.Build.0 = Debug|Any CPU
		{7508AE43-4A9C-4C53-8DF4-A1FDBC0CE8DB}.Debug|x86.ActiveCfg = Debug|Any CPU
		{7508AE43-4A9C-4C53-8DF4-A1FDBC0CE8DB}.Debug|x86.Build.0 = Debug|Any CPU
		{7508AE43-4A9C-4C53-8DF4-A1FDBC0CE8DB}.Release|Any CPU.ActiveCfg = Release|Any CPU
		{7508AE43-4A9C-4C53-8DF4-A1FDBC0CE8DB}.Release|Any CPU.Build.0 = Release|Any CPU
		{7508AE43-4A9C-4C53-8DF4-A1FDBC0CE8DB}.Release|x64.ActiveCfg = Release|Any CPU
		{7508AE43-4A9C-4C53-8DF4-A1FDBC0CE8DB}.Release|x64.Build.0 = Release|Any CPU
		{7508AE43-4A9C-4C53-8DF4-A1FDBC0CE8DB}.Release|x86.ActiveCfg = Release|Any CPU
		{7508AE43-4A9C-4C53-8DF4-A1FDBC0CE8DB}.Release|x86.Build.0 = Release|Any CPU
		{9985AE97-64F8-4B29-9924-67DC58D706FB}.Debug|Any CPU.ActiveCfg = Debug|Any CPU
		{9985AE97-64F8-4B29-9924-67DC58D706FB}.Debug|Any CPU.Build.0 = Debug|Any CPU
		{9985AE97-64F8-4B29-9924-67DC58D706FB}.Debug|x64.ActiveCfg = Debug|Any CPU
		{9985AE97-64F8-4B29-9924-67DC58D706FB}.Debug|x64.Build.0 = Debug|Any CPU
		{9985AE97-64F8-4B29-9924-67DC58D706FB}.Debug|x86.ActiveCfg = Debug|Any CPU
		{9985AE97-64F8-4B29-9924-67DC58D706FB}.Debug|x86.Build.0 = Debug|Any CPU
		{9985AE97-64F8-4B29-9924-67DC58D706FB}.Release|Any CPU.ActiveCfg = Release|Any CPU
		{9985AE97-64F8-4B29-9924-67DC58D706FB}.Release|Any CPU.Build.0 = Release|Any CPU
		{9985AE97-64F8-4B29-9924-67DC58D706FB}.Release|x64.ActiveCfg = Release|Any CPU
		{9985AE97-64F8-4B29-9924-67DC58D706FB}.Release|x64.Build.0 = Release|Any CPU
		{9985AE97-64F8-4B29-9924-67DC58D706FB}.Release|x86.ActiveCfg = Release|Any CPU
		{9985AE97-64F8-4B29-9924-67DC58D706FB}.Release|x86.Build.0 = Release|Any CPU
		{C4561055-95AA-4139-A5C2-EAE67D66C790}.Debug|Any CPU.ActiveCfg = Debug|Any CPU
		{C4561055-95AA-4139-A5C2-EAE67D66C790}.Debug|Any CPU.Build.0 = Debug|Any CPU
		{C4561055-95AA-4139-A5C2-EAE67D66C790}.Debug|x64.ActiveCfg = Debug|Any CPU
		{C4561055-95AA-4139-A5C2-EAE67D66C790}.Debug|x64.Build.0 = Debug|Any CPU
		{C4561055-95AA-4139-A5C2-EAE67D66C790}.Debug|x86.ActiveCfg = Debug|Any CPU
		{C4561055-95AA-4139-A5C2-EAE67D66C790}.Debug|x86.Build.0 = Debug|Any CPU
		{C4561055-95AA-4139-A5C2-EAE67D66C790}.Release|Any CPU.ActiveCfg = Release|Any CPU
		{C4561055-95AA-4139-A5C2-EAE67D66C790}.Release|Any CPU.Build.0 = Release|Any CPU
		{C4561055-95AA-4139-A5C2-EAE67D66C790}.Release|x64.ActiveCfg = Release|Any CPU
		{C4561055-95AA-4139-A5C2-EAE67D66C790}.Release|x64.Build.0 = Release|Any CPU
		{C4561055-95AA-4139-A5C2-EAE67D66C790}.Release|x86.ActiveCfg = Release|Any CPU
		{C4561055-95AA-4139-A5C2-EAE67D66C790}.Release|x86.Build.0 = Release|Any CPU
	EndGlobalSection
	GlobalSection(SolutionProperties) = preSolution
		HideSolutionNode = FALSE
	EndGlobalSection
	GlobalSection(NestedProjects) = preSolution
		{7508AE43-4A9C-4C53-8DF4-A1FDBC0CE8DB} = {827E0CD3-B72D-47B6-A68D-7590B98EB39B}
		{9985AE97-64F8-4B29-9924-67DC58D706FB} = {827E0CD3-B72D-47B6-A68D-7590B98EB39B}
		{C4561055-95AA-4139-A5C2-EAE67D66C790} = {827E0CD3-B72D-47B6-A68D-7590B98EB39B}
	EndGlobalSection
EndGlobal
